
Microsoft Visual Studio Solution File, Format Version 12.00
# Visual Studio Version 16
VisualStudioVersion = 16.0.31205.134
MinimumVisualStudioVersion = 10.0.40219.1
Project("{FAE04EC0-301F-11D3-BF4B-00C04F79EFBC}") = "DeliveryBookingSystemProject", "DeliveryBookingSystemProject\DeliveryBookingSystemProject.csproj", "{63142566-8DC3-40AC-AEC1-46A762369964}"
EndProject
Global
	GlobalSection(SolutionConfigurationPlatforms) = preSolution
		Debug|Any CPU = Debug|Any CPU
		Release|Any CPU = Release|Any CPU
	EndGlobalSection
	GlobalSection(ProjectConfigurationPlatforms) = postSolution
		{63142566-8DC3-40AC-AEC1-46A762369964}.Debug|Any CPU.ActiveCfg = Debug|Any CPU
		{63142566-8DC3-40AC-AEC1-46A762369964}.Debug|Any CPU.Build.0 = Debug|Any CPU
		{63142566-8DC3-40AC-AEC1-46A762369964}.Release|Any CPU.ActiveCfg = Release|Any CPU
		{63142566-8DC3-40AC-AEC1-46A762369964}.Release|Any CPU.Build.0 = Release|Any CPU
	EndGlobalSection
	GlobalSection(SolutionProperties) = preSolution
		HideSolutionNode = FALSE
	EndGlobalSection
	GlobalSection(ExtensibilityGlobals) = postSolution
		SolutionGuid = {661662D9-C135-46E6-9F12-61687979C240}
	EndGlobalSection
EndGlobal
